{
  "name": "go-web-app",
  "lockfileVersion": 3,
  "requires": true,
  "packages": {
    "": {
      "devDependencies": {
        "@types/notie": "^4.3.0"
      }
    },
    "node_modules/@types/notie": {
      "version": "4.3.0",
      "resolved": "https://registry.npmjs.org/@types/notie/-/notie-4.3.0.tgz",
      "integrity": "sha512-UMcYoqC23NAZNE9/kWX2gIAbqOA4nQjY2yEdsnSpKGlNpY0eP/U59OEVFSS+P4tMM5TOy5Beq+6yBLx+lLpGxA==",
      "dev": true
    }
  }
}
